
Microsoft Visual Studio Solution File, Format Version 12.00
# Visual Studio Version 17
VisualStudioVersion = 17.14.36915.13 d17.14
MinimumVisualStudioVersion = 10.0.40219.1
Project("{FAE04EC0-301F-11D3-BF4B-00C04F79EFBC}") = "gravmod", "imsofuckingangryatvscode\gravmod.csproj", "{D07FCB85-A697-4272-A7BB-9656577FA76D}"
EndProject
Global
	GlobalSection(SolutionConfigurationPlatforms) = preSolution
		Debug|Any CPU = Debug|Any CPU
		Release|Any CPU = Release|Any CPU
	EndGlobalSection
	GlobalSection(ProjectConfigurationPlatforms) = postSolution
		{D07FCB85-A697-4272-A7BB-9656577FA76D}.Debug|Any CPU.ActiveCfg = Debug|Any CPU
		{D07FCB85-A697-4272-A7BB-9656577FA76D}.Debug|Any CPU.Build.0 = Debug|Any CPU
		{D07FCB85-A697-4272-A7BB-9656577FA76D}.Release|Any CPU.ActiveCfg = Release|Any CPU
		{D07FCB85-A697-4272-A7BB-9656577FA76D}.Release|Any CPU.Build.0 = Release|Any CPU
	EndGlobalSection
	GlobalSection(SolutionProperties) = preSolution
		HideSolutionNode = FALSE
	EndGlobalSection
	GlobalSection(ExtensibilityGlobals) = postSolution
		SolutionGuid = {6F0C6D41-994F-4DE2-89C0-C64BED5B0244}
	EndGlobalSection
EndGlobal
